
Microsoft Visual Studio Solution File, Format Version 12.00
# Visual Studio 14
VisualStudioVersion = 14.0.25420.1
MinimumVisualStudioVersion = 10.0.40219.1
Project("{2150E333-8FDC-42A3-9474-1A3956D46DE8}") = "01 UI", "01 UI", "{197DF0EB-2A7E-4790-871B-064CED86AB88}"
EndProject
Project("{FAE04EC0-301F-11D3-BF4B-00C04F79EFBC}") = "zh.fang.website", "zh.fang.website\zh.fang.website.csproj", "{E6A7FA9F-7A6D-4FBE-BDB8-EE16A3885846}"
EndProject
Global
	GlobalSection(SolutionConfigurationPlatforms) = preSolution
		Debug|Any CPU = Debug|Any CPU
		Release|Any CPU = Release|Any CPU
	EndGlobalSection
	GlobalSection(ProjectConfigurationPlatforms) = postSolution
		{E6A7FA9F-7A6D-4FBE-BDB8-EE16A3885846}.Debug|Any CPU.ActiveCfg = Debug|Any CPU
		{E6A7FA9F-7A6D-4FBE-BDB8-EE16A3885846}.Debug|Any CPU.Build.0 = Debug|Any CPU
		{E6A7FA9F-7A6D-4FBE-BDB8-EE16A3885846}.Release|Any CPU.ActiveCfg = Release|Any CPU
		{E6A7FA9F-7A6D-4FBE-BDB8-EE16A3885846}.Release|Any CPU.Build.0 = Release|Any CPU
	EndGlobalSection
	GlobalSection(SolutionProperties) = preSolution
		HideSolutionNode = FALSE
	EndGlobalSection
	GlobalSection(NestedProjects) = preSolution
		{E6A7FA9F-7A6D-4FBE-BDB8-EE16A3885846} = {197DF0EB-2A7E-4790-871B-064CED86AB88}
	EndGlobalSection
EndGlobal
