
Microsoft Visual Studio Solution File, Format Version 12.00
# Visual Studio 14
VisualStudioVersion = 14.0.25420.1
MinimumVisualStudioVersion = 10.0.40219.1
Project("{2150E333-8FDC-42A3-9474-1A3956D46DE8}") = "01 UI", "01 UI", "{197DF0EB-2A7E-4790-871B-064CED86AB88}"
EndProject
Project("{FAE04EC0-301F-11D3-BF4B-00C04F79EFBC}") = "zh.fang.website", "zh.fang.website\zh.fang.website.csproj", "{E6A7FA9F-7A6D-4FBE-BDB8-EE16A3885846}"
EndProject
Project("{2150E333-8FDC-42A3-9474-1A3956D46DE8}") = "04 Infrastructure", "04 Infrastructure", "{03D050D2-69C2-4CCC-8E8C-2DB1DE036183}"
EndProject
Project("{2150E333-8FDC-42A3-9474-1A3956D46DE8}") = "03 Core", "03 Core", "{26CC339E-E431-4763-8FC9-9BE9D2AB6AF7}"
EndProject
Project("{FAE04EC0-301F-11D3-BF4B-00C04F79EFBC}") = "zh.fang.repository", "zh.fang.repository\zh.fang.repository.csproj", "{66D5AA78-C08E-4263-A276-AD2D98D9FE93}"
EndProject
Project("{FAE04EC0-301F-11D3-BF4B-00C04F79EFBC}") = "zh.fang.data.oracle", "zh.fang.data.oracle\zh.fang.data.oracle.csproj", "{4C06D49B-BD17-4D13-BCF3-23B1E66E46A9}"
EndProject
Project("{FAE04EC0-301F-11D3-BF4B-00C04F79EFBC}") = "zh.fang.data.entity", "zh.fang.data.entity\zh.fang.data.entity.csproj", "{123D7B2B-5101-4EAA-B928-BC839B5DFDA3}"
EndProject
Project("{FAE04EC0-301F-11D3-BF4B-00C04F79EFBC}") = "zh.fang.data.oracleTests", "zh.fang.data.oracleTests\zh.fang.data.oracleTests.csproj", "{C6672430-7021-474B-A56D-B46565887A64}"
EndProject
Project("{2150E333-8FDC-42A3-9474-1A3956D46DE8}") = "11 Test", "11 Test", "{7CCE6A1D-6647-4E06-8EFF-2D8AEF4C3BDA}"
EndProject
Project("{2150E333-8FDC-42A3-9474-1A3956D46DE8}") = "02 Application", "02 Application", "{0FCC7B72-431D-4041-9564-C9F380A4CF47}"
EndProject
Project("{FAE04EC0-301F-11D3-BF4B-00C04F79EFBC}") = "zh.fang.module", "zh.fang.module\zh.fang.module.csproj", "{49A91D5C-32F2-4D00-97ED-BB6914E3FA5F}"
EndProject
Project("{FAE04EC0-301F-11D3-BF4B-00C04F79EFBC}") = "zh.fang.handle", "zh.fang.handle\zh.fang.handle.csproj", "{05DB7C59-9111-4010-AB45-C69963AC79E2}"
EndProject
Project("{FAE04EC0-301F-11D3-BF4B-00C04F79EFBC}") = "zh.fang.handleTests", "zh.fang.handleTests\zh.fang.handleTests.csproj", "{D59FBDE3-57FA-4DB1-B268-747FFD29BCB5}"
EndProject
Project("{2150E333-8FDC-42A3-9474-1A3956D46DE8}") = "05 Common", "05 Common", "{6CA2DD90-4D30-45D2-AA86-06AE44036D7E}"
EndProject
Project("{FAE04EC0-301F-11D3-BF4B-00C04F79EFBC}") = "zh.fang.common", "zh.fang.common\zh.fang.common.csproj", "{071EB8C8-92ED-416C-9455-CC897483FFBF}"
EndProject
Project("{FAE04EC0-301F-11D3-BF4B-00C04F79EFBC}") = "zh.fang.moduleTests", "zh.fang.moduleTests\zh.fang.moduleTests.csproj", "{FC08CBC0-647A-4FD9-8CE5-A0372C92B0D2}"
EndProject
Project("{2150E333-8FDC-42A3-9474-1A3956D46DE8}") = "21 Documents", "21 Documents", "{14C9B468-0857-4F8C-88A1-EDBEFA88191B}"
	ProjectSection(SolutionItems) = preProject
		AlterQuery.sql = AlterQuery.sql
		CreateDatabase.sql = CreateDatabase.sql
		CreateTable.sql = CreateTable.sql
		Database.sql = Database.sql
	EndProjectSection
EndProject
Global
	GlobalSection(SolutionConfigurationPlatforms) = preSolution
		Debug|Any CPU = Debug|Any CPU
		Release|Any CPU = Release|Any CPU
	EndGlobalSection
	GlobalSection(ProjectConfigurationPlatforms) = postSolution
		{E6A7FA9F-7A6D-4FBE-BDB8-EE16A3885846}.Debug|Any CPU.ActiveCfg = Debug|Any CPU
		{E6A7FA9F-7A6D-4FBE-BDB8-EE16A3885846}.Debug|Any CPU.Build.0 = Debug|Any CPU
		{E6A7FA9F-7A6D-4FBE-BDB8-EE16A3885846}.Release|Any CPU.ActiveCfg = Release|Any CPU
		{E6A7FA9F-7A6D-4FBE-BDB8-EE16A3885846}.Release|Any CPU.Build.0 = Release|Any CPU
		{66D5AA78-C08E-4263-A276-AD2D98D9FE93}.Debug|Any CPU.ActiveCfg = Debug|Any CPU
		{66D5AA78-C08E-4263-A276-AD2D98D9FE93}.Debug|Any CPU.Build.0 = Debug|Any CPU
		{66D5AA78-C08E-4263-A276-AD2D98D9FE93}.Release|Any CPU.ActiveCfg = Release|Any CPU
		{66D5AA78-C08E-4263-A276-AD2D98D9FE93}.Release|Any CPU.Build.0 = Release|Any CPU
		{4C06D49B-BD17-4D13-BCF3-23B1E66E46A9}.Debug|Any CPU.ActiveCfg = Debug|Any CPU
		{4C06D49B-BD17-4D13-BCF3-23B1E66E46A9}.Debug|Any CPU.Build.0 = Debug|Any CPU
		{4C06D49B-BD17-4D13-BCF3-23B1E66E46A9}.Release|Any CPU.ActiveCfg = Release|Any CPU
		{4C06D49B-BD17-4D13-BCF3-23B1E66E46A9}.Release|Any CPU.Build.0 = Release|Any CPU
		{123D7B2B-5101-4EAA-B928-BC839B5DFDA3}.Debug|Any CPU.ActiveCfg = Debug|Any CPU
		{123D7B2B-5101-4EAA-B928-BC839B5DFDA3}.Debug|Any CPU.Build.0 = Debug|Any CPU
		{123D7B2B-5101-4EAA-B928-BC839B5DFDA3}.Release|Any CPU.ActiveCfg = Release|Any CPU
		{123D7B2B-5101-4EAA-B928-BC839B5DFDA3}.Release|Any CPU.Build.0 = Release|Any CPU
		{C6672430-7021-474B-A56D-B46565887A64}.Debug|Any CPU.ActiveCfg = Debug|Any CPU
		{C6672430-7021-474B-A56D-B46565887A64}.Debug|Any CPU.Build.0 = Debug|Any CPU
		{C6672430-7021-474B-A56D-B46565887A64}.Release|Any CPU.ActiveCfg = Release|Any CPU
		{C6672430-7021-474B-A56D-B46565887A64}.Release|Any CPU.Build.0 = Release|Any CPU
		{49A91D5C-32F2-4D00-97ED-BB6914E3FA5F}.Debug|Any CPU.ActiveCfg = Debug|Any CPU
		{49A91D5C-32F2-4D00-97ED-BB6914E3FA5F}.Debug|Any CPU.Build.0 = Debug|Any CPU
		{49A91D5C-32F2-4D00-97ED-BB6914E3FA5F}.Release|Any CPU.ActiveCfg = Release|Any CPU
		{49A91D5C-32F2-4D00-97ED-BB6914E3FA5F}.Release|Any CPU.Build.0 = Release|Any CPU
		{05DB7C59-9111-4010-AB45-C69963AC79E2}.Debug|Any CPU.ActiveCfg = Debug|Any CPU
		{05DB7C59-9111-4010-AB45-C69963AC79E2}.Debug|Any CPU.Build.0 = Debug|Any CPU
		{05DB7C59-9111-4010-AB45-C69963AC79E2}.Release|Any CPU.ActiveCfg = Release|Any CPU
		{05DB7C59-9111-4010-AB45-C69963AC79E2}.Release|Any CPU.Build.0 = Release|Any CPU
		{D59FBDE3-57FA-4DB1-B268-747FFD29BCB5}.Debug|Any CPU.ActiveCfg = Debug|Any CPU
		{D59FBDE3-57FA-4DB1-B268-747FFD29BCB5}.Debug|Any CPU.Build.0 = Debug|Any CPU
		{D59FBDE3-57FA-4DB1-B268-747FFD29BCB5}.Release|Any CPU.ActiveCfg = Release|Any CPU
		{D59FBDE3-57FA-4DB1-B268-747FFD29BCB5}.Release|Any CPU.Build.0 = Release|Any CPU
		{071EB8C8-92ED-416C-9455-CC897483FFBF}.Debug|Any CPU.ActiveCfg = Debug|Any CPU
		{071EB8C8-92ED-416C-9455-CC897483FFBF}.Debug|Any CPU.Build.0 = Debug|Any CPU
		{071EB8C8-92ED-416C-9455-CC897483FFBF}.Release|Any CPU.ActiveCfg = Release|Any CPU
		{071EB8C8-92ED-416C-9455-CC897483FFBF}.Release|Any CPU.Build.0 = Release|Any CPU
		{FC08CBC0-647A-4FD9-8CE5-A0372C92B0D2}.Debug|Any CPU.ActiveCfg = Debug|Any CPU
		{FC08CBC0-647A-4FD9-8CE5-A0372C92B0D2}.Debug|Any CPU.Build.0 = Debug|Any CPU
		{FC08CBC0-647A-4FD9-8CE5-A0372C92B0D2}.Release|Any CPU.ActiveCfg = Release|Any CPU
		{FC08CBC0-647A-4FD9-8CE5-A0372C92B0D2}.Release|Any CPU.Build.0 = Release|Any CPU
	EndGlobalSection
	GlobalSection(SolutionProperties) = preSolution
		HideSolutionNode = FALSE
	EndGlobalSection
	GlobalSection(NestedProjects) = preSolution
		{E6A7FA9F-7A6D-4FBE-BDB8-EE16A3885846} = {197DF0EB-2A7E-4790-871B-064CED86AB88}
		{66D5AA78-C08E-4263-A276-AD2D98D9FE93} = {26CC339E-E431-4763-8FC9-9BE9D2AB6AF7}
		{4C06D49B-BD17-4D13-BCF3-23B1E66E46A9} = {03D050D2-69C2-4CCC-8E8C-2DB1DE036183}
		{123D7B2B-5101-4EAA-B928-BC839B5DFDA3} = {03D050D2-69C2-4CCC-8E8C-2DB1DE036183}
		{C6672430-7021-474B-A56D-B46565887A64} = {7CCE6A1D-6647-4E06-8EFF-2D8AEF4C3BDA}
		{49A91D5C-32F2-4D00-97ED-BB6914E3FA5F} = {0FCC7B72-431D-4041-9564-C9F380A4CF47}
		{05DB7C59-9111-4010-AB45-C69963AC79E2} = {26CC339E-E431-4763-8FC9-9BE9D2AB6AF7}
		{D59FBDE3-57FA-4DB1-B268-747FFD29BCB5} = {7CCE6A1D-6647-4E06-8EFF-2D8AEF4C3BDA}
		{071EB8C8-92ED-416C-9455-CC897483FFBF} = {6CA2DD90-4D30-45D2-AA86-06AE44036D7E}
		{FC08CBC0-647A-4FD9-8CE5-A0372C92B0D2} = {7CCE6A1D-6647-4E06-8EFF-2D8AEF4C3BDA}
	EndGlobalSection
EndGlobal
